
Microsoft Visual Studio Solution File, Format Version 12.00
# Visual Studio Version 17
VisualStudioVersion = 17.11.35312.102
MinimumVisualStudioVersion = 10.0.40219.1
Project("{FAE04EC0-301F-11D3-BF4B-00C04F79EFBC}") = "Jueves1010App", "Jueves1010App\Jueves1010App.csproj", "{DD66A319-E135-4F08-BEDB-0B368910941E}"
EndProject
Global
	GlobalSection(SolutionConfigurationPlatforms) = preSolution
		Debug|Any CPU = Debug|Any CPU
		Release|Any CPU = Release|Any CPU
	EndGlobalSection
	GlobalSection(ProjectConfigurationPlatforms) = postSolution
		{DD66A319-E135-4F08-BEDB-0B368910941E}.Debug|Any CPU.ActiveCfg = Debug|Any CPU
		{DD66A319-E135-4F08-BEDB-0B368910941E}.Debug|Any CPU.Build.0 = Debug|Any CPU
		{DD66A319-E135-4F08-BEDB-0B368910941E}.Release|Any CPU.ActiveCfg = Release|Any CPU
		{DD66A319-E135-4F08-BEDB-0B368910941E}.Release|Any CPU.Build.0 = Release|Any CPU
	EndGlobalSection
	GlobalSection(SolutionProperties) = preSolution
		HideSolutionNode = FALSE
	EndGlobalSection
	GlobalSection(ExtensibilityGlobals) = postSolution
		SolutionGuid = {AC61B3FE-4FBB-47AF-A08A-838D836C203D}
	EndGlobalSection
EndGlobal
