
Microsoft Visual Studio Solution File, Format Version 12.00
# Visual Studio Version 17
VisualStudioVersion = 17.11.35312.102
MinimumVisualStudioVersion = 10.0.40219.1
Project("{FAE04EC0-301F-11D3-BF4B-00C04F79EFBC}") = "Lunes07App", "Lunes07App\Lunes07App.csproj", "{7843F5CC-FFCA-47E6-BFE0-79F4D357BBAD}"
EndProject
Global
	GlobalSection(SolutionConfigurationPlatforms) = preSolution
		Debug|Any CPU = Debug|Any CPU
		Release|Any CPU = Release|Any CPU
	EndGlobalSection
	GlobalSection(ProjectConfigurationPlatforms) = postSolution
		{7843F5CC-FFCA-47E6-BFE0-79F4D357BBAD}.Debug|Any CPU.ActiveCfg = Debug|Any CPU
		{7843F5CC-FFCA-47E6-BFE0-79F4D357BBAD}.Debug|Any CPU.Build.0 = Debug|Any CPU
		{7843F5CC-FFCA-47E6-BFE0-79F4D357BBAD}.Release|Any CPU.ActiveCfg = Release|Any CPU
		{7843F5CC-FFCA-47E6-BFE0-79F4D357BBAD}.Release|Any CPU.Build.0 = Release|Any CPU
	EndGlobalSection
	GlobalSection(SolutionProperties) = preSolution
		HideSolutionNode = FALSE
	EndGlobalSection
	GlobalSection(ExtensibilityGlobals) = postSolution
		SolutionGuid = {3CC820EE-56B0-4B5A-B106-496E2D12ADAE}
	EndGlobalSection
EndGlobal
