
Microsoft Visual Studio Solution File, Format Version 12.00
# Visual Studio Version 17
VisualStudioVersion = 17.11.35312.102
MinimumVisualStudioVersion = 10.0.40219.1
Project("{FAE04EC0-301F-11D3-BF4B-00C04F79EFBC}") = "Viernes0410", "Viernes0410\Viernes0410.csproj", "{20244B4F-2715-43B5-984E-931A431FDCAF}"
EndProject
Global
	GlobalSection(SolutionConfigurationPlatforms) = preSolution
		Debug|Any CPU = Debug|Any CPU
		Release|Any CPU = Release|Any CPU
	EndGlobalSection
	GlobalSection(ProjectConfigurationPlatforms) = postSolution
		{20244B4F-2715-43B5-984E-931A431FDCAF}.Debug|Any CPU.ActiveCfg = Debug|Any CPU
		{20244B4F-2715-43B5-984E-931A431FDCAF}.Debug|Any CPU.Build.0 = Debug|Any CPU
		{20244B4F-2715-43B5-984E-931A431FDCAF}.Release|Any CPU.ActiveCfg = Release|Any CPU
		{20244B4F-2715-43B5-984E-931A431FDCAF}.Release|Any CPU.Build.0 = Release|Any CPU
	EndGlobalSection
	GlobalSection(SolutionProperties) = preSolution
		HideSolutionNode = FALSE
	EndGlobalSection
	GlobalSection(ExtensibilityGlobals) = postSolution
		SolutionGuid = {041D7F61-FD0A-4AE1-9E3F-91C7E607BE88}
	EndGlobalSection
EndGlobal
