
Microsoft Visual Studio Solution File, Format Version 12.00
# Visual Studio Version 17
VisualStudioVersion = 17.11.35327.3
MinimumVisualStudioVersion = 10.0.40219.1
Project("{FAE04EC0-301F-11D3-BF4B-00C04F79EFBC}") = "EjerciciosJQuery_Viernes1110", "EjerciciosJQuery_Viernes1110\EjerciciosJQuery_Viernes1110.csproj", "{9302A8C3-3584-4527-A72F-25853FEA27BE}"
EndProject
Global
	GlobalSection(SolutionConfigurationPlatforms) = preSolution
		Debug|Any CPU = Debug|Any CPU
		Release|Any CPU = Release|Any CPU
	EndGlobalSection
	GlobalSection(ProjectConfigurationPlatforms) = postSolution
		{9302A8C3-3584-4527-A72F-25853FEA27BE}.Debug|Any CPU.ActiveCfg = Debug|Any CPU
		{9302A8C3-3584-4527-A72F-25853FEA27BE}.Debug|Any CPU.Build.0 = Debug|Any CPU
		{9302A8C3-3584-4527-A72F-25853FEA27BE}.Release|Any CPU.ActiveCfg = Release|Any CPU
		{9302A8C3-3584-4527-A72F-25853FEA27BE}.Release|Any CPU.Build.0 = Release|Any CPU
	EndGlobalSection
	GlobalSection(SolutionProperties) = preSolution
		HideSolutionNode = FALSE
	EndGlobalSection
	GlobalSection(ExtensibilityGlobals) = postSolution
		SolutionGuid = {918E6D9E-DAB7-49DD-853A-381AB7643401}
	EndGlobalSection
EndGlobal
